
Microsoft Visual Studio Solution File, Format Version 12.00
# Visual Studio Version 17
VisualStudioVersion = 17.4.33213.308
MinimumVisualStudioVersion = 10.0.40219.1
Project("{8BC9CEB8-8B4A-11D0-8D11-00A0C91BC942}") = "пробник", "пробник\пробник.vcxproj", "{DC11A5BA-441A-4F6F-B33B-F9FBF905E1B6}"
EndProject
Global
	GlobalSection(SolutionConfigurationPlatforms) = preSolution
		Debug|x64 = Debug|x64
		Debug|x86 = Debug|x86
		Release|x64 = Release|x64
		Release|x86 = Release|x86
	EndGlobalSection
	GlobalSection(ProjectConfigurationPlatforms) = postSolution
		{DC11A5BA-441A-4F6F-B33B-F9FBF905E1B6}.Debug|x64.ActiveCfg = Debug|x64
		{DC11A5BA-441A-4F6F-B33B-F9FBF905E1B6}.Debug|x64.Build.0 = Debug|x64
		{DC11A5BA-441A-4F6F-B33B-F9FBF905E1B6}.Debug|x86.ActiveCfg = Debug|Win32
		{DC11A5BA-441A-4F6F-B33B-F9FBF905E1B6}.Debug|x86.Build.0 = Debug|Win32
		{DC11A5BA-441A-4F6F-B33B-F9FBF905E1B6}.Release|x64.ActiveCfg = Release|x64
		{DC11A5BA-441A-4F6F-B33B-F9FBF905E1B6}.Release|x64.Build.0 = Release|x64
		{DC11A5BA-441A-4F6F-B33B-F9FBF905E1B6}.Release|x86.ActiveCfg = Release|Win32
		{DC11A5BA-441A-4F6F-B33B-F9FBF905E1B6}.Release|x86.Build.0 = Release|Win32
	EndGlobalSection
	GlobalSection(SolutionProperties) = preSolution
		HideSolutionNode = FALSE
	EndGlobalSection
	GlobalSection(ExtensibilityGlobals) = postSolution
		SolutionGuid = {91C2ACC4-727B-4B4A-BD03-A145D2D2BF91}
	EndGlobalSection
EndGlobal
